
Microsoft Visual Studio Solution File, Format Version 12.00
# Visual Studio 15
VisualStudioVersion = 15.0.28307.1022
MinimumVisualStudioVersion = 10.0.40219.1
Project("{FAE04EC0-301F-11D3-BF4B-00C04F79EFBC}") = "OpcenterExDsWebService", "OpcenterExDsWebService\OpcenterExDsWebService.csproj", "{4BBB08F3-AFD2-41AE-8EFD-4609A9F645A4}"
EndProject
Global
	GlobalSection(SolutionConfigurationPlatforms) = preSolution
		Debug|Any CPU = Debug|Any CPU
		Release|Any CPU = Release|Any CPU
	EndGlobalSection
	GlobalSection(ProjectConfigurationPlatforms) = postSolution
		{4BBB08F3-AFD2-41AE-8EFD-4609A9F645A4}.Debug|Any CPU.ActiveCfg = Debug|Any CPU
		{4BBB08F3-AFD2-41AE-8EFD-4609A9F645A4}.Debug|Any CPU.Build.0 = Debug|Any CPU
		{4BBB08F3-AFD2-41AE-8EFD-4609A9F645A4}.Release|Any CPU.ActiveCfg = Release|Any CPU
		{4BBB08F3-AFD2-41AE-8EFD-4609A9F645A4}.Release|Any CPU.Build.0 = Release|Any CPU
	EndGlobalSection
	GlobalSection(SolutionProperties) = preSolution
		HideSolutionNode = FALSE
	EndGlobalSection
	GlobalSection(ExtensibilityGlobals) = postSolution
		SolutionGuid = {FBE83914-F92F-46C7-88CC-E4B6DBDC2DFA}
	EndGlobalSection
EndGlobal
